#MicroXplorer Configuration settings - do not modify
CAD.formats=[]
CAD.pinconfig=Dual
CAD.provider=
COMP3.IPParameters=TriggerMode
COMP3.TriggerMode=COMP_TRIGGERMODE_EVENT_RISING
COMP4.IPParameters=TriggerMode
COMP4.TriggerMode=COMP_TRIGGERMODE_EVENT_RISING
DAC1.DAC_HighFrequency_OUT1-DAC_OUT1_Int=DAC_HIGH_FREQUENCY_INTERFACE_MODE_ABOVE_160MHZ
DAC1.IPParameters=DAC_HighFrequency_OUT1-DAC_OUT1_Int
DAC3.DAC_DMADoubleDataMode-DAC_OUT1_Int=DISABLE
DAC3.DAC_HighFrequency_OUT1-DAC_OUT1_Int=DAC_HIGH_FREQUENCY_INTERFACE_MODE_ABOVE_160MHZ
DAC3.DAC_Trigger_OUT1-DAC_OUT1_Int=DAC_TRIGGER_T1_TRGO
DAC3.IPParameters=DAC_Trigger_OUT1-DAC_OUT1_Int,DAC_HighFrequency_OUT1-DAC_OUT1_Int,DAC_DMADoubleDataMode-DAC_OUT1_Int
Dma.DAC3_CH1.1.Direction=DMA_MEMORY_TO_PERIPH
Dma.DAC3_CH1.1.EventEnable=DISABLE
Dma.DAC3_CH1.1.Instance=DMA1_Channel2
Dma.DAC3_CH1.1.MemDataAlignment=DMA_MDATAALIGN_HALFWORD
Dma.DAC3_CH1.1.MemInc=DMA_MINC_ENABLE
Dma.DAC3_CH1.1.Mode=DMA_NORMAL
Dma.DAC3_CH1.1.PeriphDataAlignment=DMA_PDATAALIGN_WORD
Dma.DAC3_CH1.1.PeriphInc=DMA_PINC_DISABLE
Dma.DAC3_CH1.1.Polarity=HAL_DMAMUX_REQ_GEN_RISING
Dma.DAC3_CH1.1.Priority=DMA_PRIORITY_HIGH
Dma.DAC3_CH1.1.RequestNumber=1
Dma.DAC3_CH1.1.RequestParameters=Instance,Direction,PeriphInc,MemInc,PeriphDataAlignment,MemDataAlignment,Mode,Priority,SignalID,Polarity,RequestNumber,SyncSignalID,SyncPolarity,SyncEnable,EventEnable,SyncRequestNumber
Dma.DAC3_CH1.1.SignalID=NONE
Dma.DAC3_CH1.1.SyncEnable=DISABLE
Dma.DAC3_CH1.1.SyncPolarity=HAL_DMAMUX_SYNC_NO_EVENT
Dma.DAC3_CH1.1.SyncRequestNumber=1
Dma.DAC3_CH1.1.SyncSignalID=NONE
Dma.MEMTOMEM.4.Direction=DMA_MEMORY_TO_MEMORY
Dma.MEMTOMEM.4.EventEnable=DISABLE
Dma.MEMTOMEM.4.Instance=DMA1_Channel3
Dma.MEMTOMEM.4.MemDataAlignment=DMA_MDATAALIGN_BYTE
Dma.MEMTOMEM.4.MemInc=DMA_MINC_ENABLE
Dma.MEMTOMEM.4.Mode=DMA_NORMAL
Dma.MEMTOMEM.4.PeriphDataAlignment=DMA_PDATAALIGN_BYTE
Dma.MEMTOMEM.4.PeriphInc=DMA_PINC_ENABLE
Dma.MEMTOMEM.4.Polarity=HAL_DMAMUX_REQ_GEN_RISING
Dma.MEMTOMEM.4.Priority=DMA_PRIORITY_LOW
Dma.MEMTOMEM.4.RequestNumber=1
Dma.MEMTOMEM.4.RequestParameters=Instance,Direction,PeriphInc,MemInc,PeriphDataAlignment,MemDataAlignment,Mode,Priority,SignalID,Polarity,RequestNumber,SyncSignalID,SyncPolarity,SyncEnable,EventEnable,SyncRequestNumber
Dma.MEMTOMEM.4.SignalID=NONE
Dma.MEMTOMEM.4.SyncEnable=DISABLE
Dma.MEMTOMEM.4.SyncPolarity=HAL_DMAMUX_SYNC_NO_EVENT
Dma.MEMTOMEM.4.SyncRequestNumber=1
Dma.MEMTOMEM.4.SyncSignalID=NONE
Dma.Request0=TIM1_UP
Dma.Request1=DAC3_CH1
Dma.Request2=USART1_RX
Dma.Request3=USART1_TX
Dma.Request4=MEMTOMEM
Dma.Request5=TIM17_CH1
Dma.RequestsNb=6
Dma.TIM17_CH1.5.Direction=DMA_MEMORY_TO_PERIPH
Dma.TIM17_CH1.5.EventEnable=DISABLE
Dma.TIM17_CH1.5.Instance=DMA1_Channel6
Dma.TIM17_CH1.5.MemDataAlignment=DMA_MDATAALIGN_HALFWORD
Dma.TIM17_CH1.5.MemInc=DMA_MINC_ENABLE
Dma.TIM17_CH1.5.Mode=DMA_CIRCULAR
Dma.TIM17_CH1.5.PeriphDataAlignment=DMA_PDATAALIGN_HALFWORD
Dma.TIM17_CH1.5.PeriphInc=DMA_PINC_DISABLE
Dma.TIM17_CH1.5.Polarity=HAL_DMAMUX_REQ_GEN_RISING
Dma.TIM17_CH1.5.Priority=DMA_PRIORITY_VERY_HIGH
Dma.TIM17_CH1.5.RequestNumber=1
Dma.TIM17_CH1.5.RequestParameters=Instance,Direction,PeriphInc,MemInc,PeriphDataAlignment,MemDataAlignment,Mode,Priority,SignalID,Polarity,RequestNumber,SyncSignalID,SyncPolarity,SyncEnable,EventEnable,SyncRequestNumber
Dma.TIM17_CH1.5.SignalID=NONE
Dma.TIM17_CH1.5.SyncEnable=DISABLE
Dma.TIM17_CH1.5.SyncPolarity=HAL_DMAMUX_SYNC_NO_EVENT
Dma.TIM17_CH1.5.SyncRequestNumber=1
Dma.TIM17_CH1.5.SyncSignalID=NONE
Dma.TIM1_UP.0.Direction=DMA_MEMORY_TO_PERIPH
Dma.TIM1_UP.0.EventEnable=DISABLE
Dma.TIM1_UP.0.Instance=DMA1_Channel1
Dma.TIM1_UP.0.MemDataAlignment=DMA_MDATAALIGN_WORD
Dma.TIM1_UP.0.MemInc=DMA_MINC_ENABLE
Dma.TIM1_UP.0.Mode=DMA_NORMAL
Dma.TIM1_UP.0.PeriphDataAlignment=DMA_PDATAALIGN_WORD
Dma.TIM1_UP.0.PeriphInc=DMA_PINC_DISABLE
Dma.TIM1_UP.0.Polarity=HAL_DMAMUX_REQ_GEN_RISING
Dma.TIM1_UP.0.Priority=DMA_PRIORITY_HIGH
Dma.TIM1_UP.0.RequestNumber=1
Dma.TIM1_UP.0.RequestParameters=Instance,Direction,PeriphInc,MemInc,PeriphDataAlignment,MemDataAlignment,Mode,Priority,SignalID,Polarity,RequestNumber,SyncSignalID,SyncPolarity,SyncEnable,EventEnable,SyncRequestNumber
Dma.TIM1_UP.0.SignalID=NONE
Dma.TIM1_UP.0.SyncEnable=DISABLE
Dma.TIM1_UP.0.SyncPolarity=HAL_DMAMUX_SYNC_NO_EVENT
Dma.TIM1_UP.0.SyncRequestNumber=1
Dma.TIM1_UP.0.SyncSignalID=NONE
Dma.USART1_RX.2.Direction=DMA_PERIPH_TO_MEMORY
Dma.USART1_RX.2.EventEnable=DISABLE
Dma.USART1_RX.2.Instance=DMA2_Channel1
Dma.USART1_RX.2.MemDataAlignment=DMA_MDATAALIGN_BYTE
Dma.USART1_RX.2.MemInc=DMA_MINC_ENABLE
Dma.USART1_RX.2.Mode=DMA_NORMAL
Dma.USART1_RX.2.PeriphDataAlignment=DMA_PDATAALIGN_BYTE
Dma.USART1_RX.2.PeriphInc=DMA_PINC_DISABLE
Dma.USART1_RX.2.Polarity=HAL_DMAMUX_REQ_GEN_RISING
Dma.USART1_RX.2.Priority=DMA_PRIORITY_LOW
Dma.USART1_RX.2.RequestNumber=1
Dma.USART1_RX.2.RequestParameters=Instance,Direction,PeriphInc,MemInc,PeriphDataAlignment,MemDataAlignment,Mode,Priority,SignalID,Polarity,RequestNumber,SyncSignalID,SyncPolarity,SyncEnable,EventEnable,SyncRequestNumber
Dma.USART1_RX.2.SignalID=NONE
Dma.USART1_RX.2.SyncEnable=DISABLE
Dma.USART1_RX.2.SyncPolarity=HAL_DMAMUX_SYNC_NO_EVENT
Dma.USART1_RX.2.SyncRequestNumber=1
Dma.USART1_RX.2.SyncSignalID=NONE
Dma.USART1_TX.3.Direction=DMA_MEMORY_TO_PERIPH
Dma.USART1_TX.3.EventEnable=DISABLE
Dma.USART1_TX.3.Instance=DMA2_Channel2
Dma.USART1_TX.3.MemDataAlignment=DMA_MDATAALIGN_BYTE
Dma.USART1_TX.3.MemInc=DMA_MINC_ENABLE
Dma.USART1_TX.3.Mode=DMA_NORMAL
Dma.USART1_TX.3.PeriphDataAlignment=DMA_PDATAALIGN_BYTE
Dma.USART1_TX.3.PeriphInc=DMA_PINC_DISABLE
Dma.USART1_TX.3.Polarity=HAL_DMAMUX_REQ_GEN_RISING
Dma.USART1_TX.3.Priority=DMA_PRIORITY_LOW
Dma.USART1_TX.3.RequestNumber=1
Dma.USART1_TX.3.RequestParameters=Instance,Direction,PeriphInc,MemInc,PeriphDataAlignment,MemDataAlignment,Mode,Priority,SignalID,Polarity,RequestNumber,SyncSignalID,SyncPolarity,SyncEnable,EventEnable,SyncRequestNumber
Dma.USART1_TX.3.SignalID=NONE
Dma.USART1_TX.3.SyncEnable=DISABLE
Dma.USART1_TX.3.SyncPolarity=HAL_DMAMUX_SYNC_NO_EVENT
Dma.USART1_TX.3.SyncRequestNumber=1
Dma.USART1_TX.3.SyncSignalID=NONE
File.Version=6
GPIO.groupedBy=Group By Peripherals
KeepUserPlacement=false
Mcu.CPN=STM32G431CBU6
Mcu.Family=STM32G4
Mcu.IP0=COMP3
Mcu.IP1=COMP4
Mcu.IP10=TIM1
Mcu.IP11=TIM2
Mcu.IP12=TIM3
Mcu.IP13=TIM4
Mcu.IP14=TIM7
Mcu.IP15=TIM17
Mcu.IP16=USART1
Mcu.IP17=USB
Mcu.IP18=USB_DEVICE
Mcu.IP2=DAC1
Mcu.IP3=DAC3
Mcu.IP4=DMA
Mcu.IP5=NVIC
Mcu.IP6=OPAMP1
Mcu.IP7=RCC
Mcu.IP8=SPI2
Mcu.IP9=SYS
Mcu.IPNb=19
Mcu.Name=STM32G431C(6-8-B)Ux
Mcu.Package=UFQFPN48
Mcu.Pin0=PC13
Mcu.Pin1=PF0-OSC_IN
Mcu.Pin10=PB14
Mcu.Pin11=PB15
Mcu.Pin12=PC6
Mcu.Pin13=PA9
Mcu.Pin14=PA10
Mcu.Pin15=PA11
Mcu.Pin16=PA12
Mcu.Pin17=PA13
Mcu.Pin18=PA14
Mcu.Pin19=PB5
Mcu.Pin2=PF1-OSC_OUT
Mcu.Pin20=PB7
Mcu.Pin21=PB8-BOOT0
Mcu.Pin22=VP_COMP3_VS_DAC1OUT1
Mcu.Pin23=VP_COMP4_VS_DAC1OUT1
Mcu.Pin24=VP_DAC1_VS_DACI1
Mcu.Pin25=VP_DAC3_VS_DACI1
Mcu.Pin26=VP_SYS_VS_Systick
Mcu.Pin27=VP_SYS_VS_DBSignals
Mcu.Pin28=VP_TIM1_VS_ControllerModeCombinedResetTrigger
Mcu.Pin29=VP_TIM1_VS_ClockSourceINT
Mcu.Pin3=PA0
Mcu.Pin30=VP_TIM1_VS_NoETR
Mcu.Pin31=VP_TIM2_VS_ControllerModeReset
Mcu.Pin32=VP_TIM2_VS_ClockSourceINT
Mcu.Pin33=VP_TIM2_VS_NoInput1
Mcu.Pin34=VP_TIM2_VS_NoETR
Mcu.Pin35=VP_TIM3_VS_ControllerModeReset
Mcu.Pin36=VP_TIM3_VS_ClockSourceINT
Mcu.Pin37=VP_TIM3_VS_NoInput1
Mcu.Pin38=VP_TIM3_VS_NoETR
Mcu.Pin39=VP_TIM4_VS_ClockSourceINT
Mcu.Pin4=PA1
Mcu.Pin40=VP_TIM7_VS_ClockSourceINT
Mcu.Pin41=VP_TIM17_VS_ClockSourceINT
Mcu.Pin42=VP_USB_DEVICE_VS_USB_DEVICE_CDC_FS
Mcu.Pin5=PA2
Mcu.Pin6=PA3
Mcu.Pin7=PA7
Mcu.Pin8=PB0
Mcu.Pin9=PB13
Mcu.PinsNb=43
Mcu.ThirdPartyNb=0
Mcu.UserConstants=
Mcu.UserName=STM32G431CBUx
MxCube.Version=6.13.0
MxDb.Version=DB.6.0.130
NVIC.BusFault_IRQn=true\:0\:0\:false\:false\:true\:false\:false\:false
NVIC.DMA1_Channel1_IRQn=true\:0\:0\:false\:false\:true\:false\:true\:true
NVIC.DMA1_Channel2_IRQn=true\:0\:0\:false\:false\:true\:false\:true\:true
NVIC.DMA1_Channel6_IRQn=true\:0\:0\:false\:false\:true\:false\:true\:true
NVIC.DMA2_Channel1_IRQn=true\:0\:0\:false\:false\:true\:false\:true\:true
NVIC.DMA2_Channel2_IRQn=true\:0\:0\:false\:false\:true\:false\:true\:true
NVIC.DebugMonitor_IRQn=true\:0\:0\:false\:false\:true\:false\:false\:false
NVIC.ForceEnableDMAVector=true
NVIC.HardFault_IRQn=true\:0\:0\:false\:false\:true\:false\:false\:false
NVIC.MemoryManagement_IRQn=true\:0\:0\:false\:false\:true\:false\:false\:false
NVIC.NonMaskableInt_IRQn=true\:0\:0\:false\:false\:true\:false\:false\:false
NVIC.PendSV_IRQn=true\:0\:0\:false\:false\:true\:false\:false\:false
NVIC.PriorityGroup=NVIC_PRIORITYGROUP_4
NVIC.SVCall_IRQn=true\:0\:0\:false\:false\:true\:false\:false\:false
NVIC.SysTick_IRQn=true\:15\:0\:false\:false\:true\:false\:true\:false
NVIC.TIM2_IRQn=true\:0\:0\:false\:false\:true\:true\:true\:true
NVIC.TIM3_IRQn=true\:0\:0\:false\:false\:true\:true\:true\:true
NVIC.TIM4_IRQn=true\:0\:0\:false\:false\:true\:true\:true\:true
NVIC.TIM6_DAC_IRQn=true\:0\:0\:false\:false\:true\:true\:true\:true
NVIC.TIM7_IRQn=true\:0\:0\:false\:false\:true\:true\:true\:true
NVIC.USB_LP_IRQn=true\:0\:0\:false\:false\:true\:false\:true\:true
NVIC.UsageFault_IRQn=true\:0\:0\:false\:false\:true\:false\:false\:false
OPAMP1.IPParameters=PowerMode
OPAMP1.PowerMode=OPAMP_POWERMODE_HIGHSPEED
PA0.GPIOParameters=GPIO_Label
PA0.GPIO_Label=COMP3_INP_VIDEO_IN
PA0.Locked=true
PA0.Mode=INP
PA0.Signal=COMP3_INP
PA1.GPIOParameters=GPIO_Label
PA1.GPIO_Label=OPAMP1_VINPIO0_GRAY_COLOR
PA1.Locked=true
PA1.Signal=OPAMP1_VINP_SEC
PA10.Locked=true
PA10.Mode=Asynchronous
PA10.Signal=USART1_RX
PA11.Locked=true
PA11.Mode=Device
PA11.Signal=USB_DM
PA12.Locked=true
PA12.Mode=Device
PA12.Signal=USB_DP
PA13.Mode=Serial_Wire
PA13.Signal=SYS_JTMS-SWDIO
PA14.Mode=Serial_Wire
PA14.Signal=SYS_JTCK-SWCLK
PA2.GPIOParameters=GPIO_Label
PA2.GPIO_Label=OPAMP1_VOUT_VIDEO_OUT
PA2.Locked=true
PA2.Mode=Follower
PA2.Signal=OPAMP1_VOUT
PA3.GPIOParameters=GPIO_Label
PA3.GPIO_Label=OPAMP1_VINPIO0_VIDEO_GEN_IN
PA3.Locked=true
PA3.Signal=OPAMP1_VINM_SEC
PA7.GPIOParameters=GPIO_Label
PA7.GPIO_Label=OPAMP1_VINPIO2_VIDEO_IN
PA7.Locked=true
PA7.Mode=Follower
PA7.Signal=OPAMP1_VINP
PA9.Locked=true
PA9.Mode=Asynchronous
PA9.Signal=USART1_TX
PB0.Mode=INP
PB0.Signal=COMP4_INP
PB13.Locked=true
PB13.Mode=TX_Only_Simplex_Unidirect_Master
PB13.Signal=SPI2_SCK
PB14.GPIOParameters=GPIO_Label
PB14.GPIO_Label=SPI2_CS
PB14.Locked=true
PB14.Signal=GPIO_Output
PB15.Locked=true
PB15.Mode=TX_Only_Simplex_Unidirect_Master
PB15.Signal=SPI2_MOSI
PB5.GPIOParameters=GPIO_Speed,GPIO_Label
PB5.GPIO_Label=TIM17_CH1_VIDEO_GEN_OUT
PB5.GPIO_Speed=GPIO_SPEED_FREQ_VERY_HIGH
PB5.Locked=true
PB5.Signal=S_TIM17_CH1
PB7.GPIOParameters=GPIO_Label
PB7.GPIO_Label=COMP3_OUT_SYNC_EXT_TRIGGER
PB7.Locked=true
PB7.Mode=ExternalOutput
PB7.Signal=COMP3_OUT
PB8-BOOT0.GPIOParameters=GPIO_Label
PB8-BOOT0.GPIO_Label=BOOT_KEY
PB8-BOOT0.Locked=true
PB8-BOOT0.Signal=GPIO_Input
PC13.GPIOParameters=GPIO_Label
PC13.GPIO_Label=USER_KEY
PC13.Locked=true
PC13.Signal=GPIO_Input
PC6.GPIOParameters=GPIO_Label
PC6.GPIO_Label=LED_STATE
PC6.Locked=true
PC6.Signal=GPIO_Output
PF0-OSC_IN.Mode=HSE-External-Oscillator
PF0-OSC_IN.Signal=RCC_OSC_IN
PF1-OSC_OUT.Mode=HSE-External-Oscillator
PF1-OSC_OUT.Signal=RCC_OSC_OUT
PinOutPanel.RotationAngle=0
ProjectManager.AskForMigrate=true
ProjectManager.BackupPrevious=false
ProjectManager.CompilerOptimize=6
ProjectManager.ComputerToolchain=false
ProjectManager.CoupleFile=true
ProjectManager.CustomerFirmwarePackage=
ProjectManager.DefaultFWLocation=true
ProjectManager.DeletePrevious=true
ProjectManager.DeviceId=STM32G431CBUx
ProjectManager.FirmwarePackage=STM32Cube FW_G4 V1.6.1
ProjectManager.FreePins=false
ProjectManager.HalAssertFull=false
ProjectManager.HeapSize=0x600
ProjectManager.KeepUserCode=true
ProjectManager.LastFirmware=true
ProjectManager.LibraryCopy=0
ProjectManager.MainLocation=Core/Src
ProjectManager.NoMain=false
ProjectManager.PreviousToolchain=
ProjectManager.ProjectBuild=false
ProjectManager.ProjectFileName=OpenPixelOSD.ioc
ProjectManager.ProjectName=OpenPixelOSD
ProjectManager.ProjectStructure=
ProjectManager.RegisterCallBack=
ProjectManager.StackSize=0x600
ProjectManager.TargetToolchain=CMake
ProjectManager.ToolChainLocation=
ProjectManager.UAScriptAfterPath=
ProjectManager.UAScriptBeforePath=
ProjectManager.UnderRoot=false
ProjectManager.functionlistsort=1-SystemClock_Config-RCC-false-LL-false,2-MX_GPIO_Init-GPIO-false-LL-true,3-MX_DMA_Init-DMA-false-LL-true,4-MX_DAC3_Init-DAC3-false-LL-true,5-MX_OPAMP1_Init-OPAMP1-false-LL-true,6-MX_TIM2_Init-TIM2-false-LL-true,7-MX_TIM1_Init-TIM1-false-LL-true,8-MX_DAC1_Init-DAC1-false-LL-true,9-MX_COMP3_Init-COMP3-false-LL-true,10-MX_USART1_UART_Init-USART1-false-LL-true,11-MX_USB_Device_Init-USB_DEVICE-false-HAL-false,12-MX_SPI2_Init-SPI2-false-LL-true,13-MX_TIM17_Init-TIM17-false-LL-true,14-MX_TIM7_Init-TIM7-false-LL-true,15-MX_COMP4_Init-COMP4-false-LL-true,16-MX_TIM3_Init-TIM3-false-LL-true,17-MX_TIM4_Init-TIM4-false-LL-true
RCC.ADC12Freq_Value=170000000
RCC.AHBFreq_Value=170000000
RCC.APB1Freq_Value=170000000
RCC.APB1TimFreq_Value=170000000
RCC.APB2Freq_Value=170000000
RCC.APB2TimFreq_Value=170000000
RCC.CK48CLockSelection=RCC_USBCLKSOURCE_HSI48
RCC.CRSFreq_Value=48000000
RCC.CortexFreq_Value=170000000
RCC.DATA_CACHE_ENABLE=1
RCC.EXTERNAL_CLOCK_VALUE=12288000
RCC.FCLKCortexFreq_Value=170000000
RCC.FDCANFreq_Value=170000000
RCC.FamilyName=M
RCC.HCLKFreq_Value=170000000
RCC.HSE_VALUE=8000000
RCC.HSI48_VALUE=48000000
RCC.HSI_VALUE=16000000
RCC.I2C1Freq_Value=170000000
RCC.I2C2Freq_Value=170000000
RCC.I2C3Freq_Value=170000000
RCC.I2SCLockSelection=RCC_I2SCLKSOURCE_PLL
RCC.I2SFreq_Value=170000000
RCC.IPParameters=ADC12Freq_Value,AHBFreq_Value,APB1Freq_Value,APB1TimFreq_Value,APB2Freq_Value,APB2TimFreq_Value,CK48CLockSelection,CRSFreq_Value,CortexFreq_Value,DATA_CACHE_ENABLE,EXTERNAL_CLOCK_VALUE,FCLKCortexFreq_Value,FDCANFreq_Value,FamilyName,HCLKFreq_Value,HSE_VALUE,HSI48_VALUE,HSI_VALUE,I2C1Freq_Value,I2C2Freq_Value,I2C3Freq_Value,I2SCLockSelection,I2SFreq_Value,LPTIM1Freq_Value,LPUART1Freq_Value,LSCOPinFreq_Value,LSE_VALUE,LSI_VALUE,MCO1PinFreq_Value,PLLM,PLLN,PLLPoutputFreq_Value,PLLQoutputFreq_Value,PLLRCLKFreq_Value,PLLSourceVirtual,PREFETCH_ENABLE,PWRFreq_Value,RNGFreq_Value,SAI1Freq_Value,SYSCLKFreq_VALUE,SYSCLKSource,UART4Freq_Value,USART1Freq_Value,USART2Freq_Value,USART3Freq_Value,USBFreq_Value,VCOInputFreq_Value,VCOOutputFreq_Value
RCC.LPTIM1Freq_Value=170000000
RCC.LPUART1Freq_Value=170000000
RCC.LSCOPinFreq_Value=32000
RCC.LSE_VALUE=32768
RCC.LSI_VALUE=32000
RCC.MCO1PinFreq_Value=16000000
RCC.PLLM=RCC_PLLM_DIV2
RCC.PLLN=85
RCC.PLLPoutputFreq_Value=170000000
RCC.PLLQoutputFreq_Value=170000000
RCC.PLLRCLKFreq_Value=170000000
RCC.PLLSourceVirtual=RCC_PLLSOURCE_HSE
RCC.PREFETCH_ENABLE=1
RCC.PWRFreq_Value=170000000
RCC.RNGFreq_Value=48000000
RCC.SAI1Freq_Value=170000000
RCC.SYSCLKFreq_VALUE=170000000
RCC.SYSCLKSource=RCC_SYSCLKSOURCE_PLLCLK
RCC.UART4Freq_Value=170000000
RCC.USART1Freq_Value=170000000
RCC.USART2Freq_Value=170000000
RCC.USART3Freq_Value=170000000
RCC.USBFreq_Value=48000000
RCC.VCOInputFreq_Value=4000000
RCC.VCOOutputFreq_Value=340000000
SH.S_TIM17_CH1.0=TIM17_CH1,PWM Generation1 CH1
SH.S_TIM17_CH1.ConfNb=1
SPI2.BaudRatePrescaler=SPI_BAUDRATEPRESCALER_32
SPI2.CalculateBaudRate=5.3125 MBits/s
SPI2.Direction=SPI_DIRECTION_2LINES
SPI2.IPParameters=VirtualType,Mode,Direction,BaudRatePrescaler,CalculateBaudRate
SPI2.Mode=SPI_MODE_MASTER
SPI2.VirtualType=VM_MASTER
TIM1.IPParameters=RepetitionCounter,PeriodNoDither,TIM1_ETR_REMAP-TriggerSource_ETR_Remap_TIM1
TIM1.PeriodNoDither=19
TIM1.RepetitionCounter=0
TIM1.TIM1_ETR_REMAP-TriggerSource_ETR_Remap_TIM1=TIM_TIM1_ETR_COMP3
TIM17.AutoReloadPreload=TIM_AUTORELOAD_PRELOAD_ENABLE
TIM17.Channel=TIM_CHANNEL_1
TIM17.IPParameters=PeriodNoDither,Channel,AutoReloadPreload,PulseNoDither_1,OCMode_PWM
TIM17.OCMode_PWM=TIM_OCMODE_PWM2
TIM17.PeriodNoDither=5404
TIM17.PulseNoDither_1=0
TIM2.Channel-Input_Capture1_from_TI1_REMAP_TIM2=TIM_CHANNEL_1
TIM2.ICPolarity_CH1=TIM_INPUTCHANNELPOLARITY_RISING
TIM2.IPParameters=TIM_MasterSlaveMode,Channel-Input_Capture1_from_TI1_REMAP_TIM2,TIM2_TI1_REMAP-Input_Capture1_from_TI1_REMAP_TIM2,TIM2_ETR_REMAP-TriggerSource_ETR_Remap_TIM2,ICPolarity_CH1
TIM2.TIM2_ETR_REMAP-TriggerSource_ETR_Remap_TIM2=TIM_TIM2_ETR_COMP3
TIM2.TIM2_TI1_REMAP-Input_Capture1_from_TI1_REMAP_TIM2=TIM_TIM2_TI1_COMP3
TIM2.TIM_MasterSlaveMode=TIM_MASTERSLAVEMODE_DISABLE
TIM3.Channel-Input_Capture1_from_TI1_REMAP_TIM3=TIM_CHANNEL_1
TIM3.IPParameters=Channel-Input_Capture1_from_TI1_REMAP_TIM3,PeriodNoDither,TIM3_TI1_REMAP-Input_Capture1_from_TI1_REMAP_TIM3,TIM3_ETR_REMAP-TriggerSource_ETR_Remap_TIM3
TIM3.PeriodNoDither=65535
TIM3.TIM3_ETR_REMAP-TriggerSource_ETR_Remap_TIM3=TIM_TIM3_ETR_COMP4
TIM3.TIM3_TI1_REMAP-Input_Capture1_from_TI1_REMAP_TIM3=TIM_TIM3_TI1_COMP4
TIM4.AutoReloadPreload=TIM_AUTORELOAD_PRELOAD_ENABLE
TIM4.IPParameters=AutoReloadPreload,Prescaler,PeriodNoDither
TIM4.PeriodNoDither=9999
TIM4.Prescaler=16999
TIM7.AutoReloadPreload=TIM_AUTORELOAD_PRELOAD_ENABLE
TIM7.IPParameters=Prescaler,PeriodNoDither,AutoReloadPreload,TIM_MasterOutputTrigger
TIM7.PeriodNoDither=999
TIM7.Prescaler=169
TIM7.TIM_MasterOutputTrigger=TIM_TRGO_UPDATE
USART1.IPParameters=VirtualMode-Asynchronous
USART1.VirtualMode-Asynchronous=VM_ASYNC
USB_DEVICE.APP_RX_DATA_SIZE=512
USB_DEVICE.APP_TX_DATA_SIZE=512
USB_DEVICE.CLASS_NAME_FS=CDC
USB_DEVICE.IPParameters=VirtualMode,VirtualModeFS,CLASS_NAME_FS,PRODUCT_STRING_CDC_FS,APP_RX_DATA_SIZE,APP_TX_DATA_SIZE
USB_DEVICE.PRODUCT_STRING_CDC_FS=OpenPixelOSD
USB_DEVICE.VirtualMode=Cdc
USB_DEVICE.VirtualModeFS=Cdc_FS
VP_COMP3_VS_DAC1OUT1.Mode=INM_DAC1OUT1
VP_COMP3_VS_DAC1OUT1.Signal=COMP3_VS_DAC1OUT1
VP_COMP4_VS_DAC1OUT1.Mode=INM_DAC1OUT1
VP_COMP4_VS_DAC1OUT1.Signal=COMP4_VS_DAC1OUT1
VP_DAC1_VS_DACI1.Mode=DAC_OUT1_Int
VP_DAC1_VS_DACI1.Signal=DAC1_VS_DACI1
VP_DAC3_VS_DACI1.Mode=DAC_OUT1_Int
VP_DAC3_VS_DACI1.Signal=DAC3_VS_DACI1
VP_SYS_VS_DBSignals.Mode=DisableDeadBatterySignals
VP_SYS_VS_DBSignals.Signal=SYS_VS_DBSignals
VP_SYS_VS_Systick.Mode=SysTick
VP_SYS_VS_Systick.Signal=SYS_VS_Systick
VP_TIM17_VS_ClockSourceINT.Mode=Enable_Timer
VP_TIM17_VS_ClockSourceINT.Signal=TIM17_VS_ClockSourceINT
VP_TIM1_VS_ClockSourceINT.Mode=Internal
VP_TIM1_VS_ClockSourceINT.Signal=TIM1_VS_ClockSourceINT
VP_TIM1_VS_ControllerModeCombinedResetTrigger.Mode=Combined_gated_reset_Mode
VP_TIM1_VS_ControllerModeCombinedResetTrigger.Signal=TIM1_VS_ControllerModeCombinedResetTrigger
VP_TIM1_VS_NoETR.Mode=TriggerSource_ETR_Remap_TIM1
VP_TIM1_VS_NoETR.Signal=TIM1_VS_NoETR
VP_TIM2_VS_ClockSourceINT.Mode=Internal
VP_TIM2_VS_ClockSourceINT.Signal=TIM2_VS_ClockSourceINT
VP_TIM2_VS_ControllerModeReset.Mode=Reset Mode
VP_TIM2_VS_ControllerModeReset.Signal=TIM2_VS_ControllerModeReset
VP_TIM2_VS_NoETR.Mode=TriggerSource_ETR_Remap_TIM2
VP_TIM2_VS_NoETR.Signal=TIM2_VS_NoETR
VP_TIM2_VS_NoInput1.Mode=Input_Capture1_from_TI1_REMAP_TIM2
VP_TIM2_VS_NoInput1.Signal=TIM2_VS_NoInput1
VP_TIM3_VS_ClockSourceINT.Mode=Internal
VP_TIM3_VS_ClockSourceINT.Signal=TIM3_VS_ClockSourceINT
VP_TIM3_VS_ControllerModeReset.Mode=Reset Mode
VP_TIM3_VS_ControllerModeReset.Signal=TIM3_VS_ControllerModeReset
VP_TIM3_VS_NoETR.Mode=TriggerSource_ETR_Remap_TIM3
VP_TIM3_VS_NoETR.Signal=TIM3_VS_NoETR
VP_TIM3_VS_NoInput1.Mode=Input_Capture1_from_TI1_REMAP_TIM3
VP_TIM3_VS_NoInput1.Signal=TIM3_VS_NoInput1
VP_TIM4_VS_ClockSourceINT.Mode=Internal
VP_TIM4_VS_ClockSourceINT.Signal=TIM4_VS_ClockSourceINT
VP_TIM7_VS_ClockSourceINT.Mode=Enable_Timer
VP_TIM7_VS_ClockSourceINT.Signal=TIM7_VS_ClockSourceINT
VP_USB_DEVICE_VS_USB_DEVICE_CDC_FS.Mode=CDC_FS
VP_USB_DEVICE_VS_USB_DEVICE_CDC_FS.Signal=USB_DEVICE_VS_USB_DEVICE_CDC_FS
board=custom
